
Microsoft Visual Studio Solution File, Format Version 12.00
# Visual Studio 15
Project("{FAE04EC0-301F-11D3-BF4B-00C04F79EFBC}") = "Assembly-CSharp", "Assembly-CSharp.csproj", "{558CFF91-D717-A9D0-736C-2836187B307B}"
EndProject
Project("{FAE04EC0-301F-11D3-BF4B-00C04F79EFBC}") = "Andtech.StarPack.Editor", "Andtech.StarPack.Editor.csproj", "{970820EC-4E33-4EF0-B4F0-272A24C78F26}"
EndProject
Global
	GlobalSection(SolutionConfigurationPlatforms) = preSolution
		Debug|Any CPU = Debug|Any CPU
		Release|Any CPU = Release|Any CPU
	EndGlobalSection
	GlobalSection(ProjectConfigurationPlatforms) = postSolution
		{558CFF91-D717-A9D0-736C-2836187B307B}.Debug|Any CPU.ActiveCfg = Debug|Any CPU
		{558CFF91-D717-A9D0-736C-2836187B307B}.Debug|Any CPU.Build.0 = Debug|Any CPU
		{558CFF91-D717-A9D0-736C-2836187B307B}.Release|Any CPU.ActiveCfg = Release|Any CPU
		{558CFF91-D717-A9D0-736C-2836187B307B}.Release|Any CPU.Build.0 = Release|Any CPU
		{970820EC-4E33-4EF0-B4F0-272A24C78F26}.Debug|Any CPU.ActiveCfg = Debug|Any CPU
		{970820EC-4E33-4EF0-B4F0-272A24C78F26}.Debug|Any CPU.Build.0 = Debug|Any CPU
		{970820EC-4E33-4EF0-B4F0-272A24C78F26}.Release|Any CPU.ActiveCfg = Release|Any CPU
		{970820EC-4E33-4EF0-B4F0-272A24C78F26}.Release|Any CPU.Build.0 = Release|Any CPU
	EndGlobalSection
	GlobalSection(SolutionProperties) = preSolution
		HideSolutionNode = FALSE
	EndGlobalSection
EndGlobal
